{
  "version": 4,
  "terraform_version": "1.5.7",
  "serial": 50,
  "lineage": "60e81c9c-e0dc-c09f-df33-78b7d83983a9",
  "outputs": {
    "login_api_gateway_url": {
      "value": "https://ugboshia88.execute-api.us-east-1.amazonaws.com/dev",
      "type": "string"
    },
    "login_lambda_arn": {
      "value": "arn:aws:lambda:us-east-1:086869275689:function:login",
      "type": "string"
    },
    "signup_api_gateway_url": {
      "value": "https://ugboshia88.execute-api.us-east-1.amazonaws.com/dev",
      "type": "string"
    },
    "signup_lambda_arn": {
      "value": "arn:aws:lambda:us-east-1:086869275689:function:signup",
      "type": "string"
    }
  },
  "resources": [
    {
      "mode": "data",
      "type": "archive_file",
      "name": "login_payload",
      "provider": "provider[\"registry.terraform.io/hashicorp/archive\"]",
      "instances": [
        {
          "schema_version": 0,
          "attributes": {
            "exclude_symlink_directories": null,
            "excludes": null,
            "id": "f24e3c2bd8d99a8454c473fb131ca62eacb9c54d",
            "output_base64sha256": "kn2acD+MSx5iGVNGVvjz5LCZAKrg8bVAWKp1SLOudpU=",
            "output_base64sha512": "WGHVKLVMzaEoCQipoaa5jR1fEXyoNEP1XaPKqKhvcYHBXArOpAurEX5mdEqIzBjGT7aQNnhMvWkVzynYD/Ruow==",
            "output_file_mode": null,
            "output_md5": "94f7875f175a3c73648d28cb1839601d",
            "output_path": "login_function_payload.zip",
            "output_sha": "f24e3c2bd8d99a8454c473fb131ca62eacb9c54d",
            "output_sha256": "927d9a703f8c4b1e6219534656f8f3e4b09900aae0f1b54058aa7548b3ae7695",
            "output_sha512": "5861d528b54ccda1280908a9a1a6b98d1d5f117ca83443f55da3caa8a86f7181c15c0acea40bab117e66744a88cc18c64fb69036784cbd6915cf29d80ff46ea3",
            "output_size": 152991,
            "source": [],
            "source_content": null,
            "source_content_filename": null,
            "source_dir": null,
            "source_file": "dist/login.js",
            "type": "zip"
          },
          "sensitive_attributes": []
        }
      ]
    },
    {
      "mode": "data",
      "type": "archive_file",
      "name": "signup_payload",
      "provider": "provider[\"registry.terraform.io/hashicorp/archive\"]",
      "instances": [
        {
          "schema_version": 0,
          "attributes": {
            "exclude_symlink_directories": null,
            "excludes": null,
            "id": "cb3d8d40d55ed326a55f045c7ce559250a6aeb29",
            "output_base64sha256": "9b/puyLLRk9lpbx4AFrVlGDlsM2YaLa9mHZwLcWeVfU=",
            "output_base64sha512": "q9cq5f3aapXW/+XR0gQydKl1fT4MupkMFgHUrJKetXwz/ZRk0R6RG+fwdiVTVuZJQb87KznPzS6TlXygtzE2+w==",
            "output_file_mode": null,
            "output_md5": "3d20023180fd5d26b93be22eeaa74a65",
            "output_path": "signup_function_payload.zip",
            "output_sha": "cb3d8d40d55ed326a55f045c7ce559250a6aeb29",
            "output_sha256": "f5bfe9bb22cb464f65a5bc78005ad59460e5b0cd9868b6bd9876702dc59e55f5",
            "output_sha512": "abd72ae5fdda6a95d6ffe5d1d2043274a9757d3e0cba990c1601d4ac929eb57c33fd9464d11e911be7f076255356e64941bf3b2b39cfcd2e93957ca0b73136fb",
            "output_size": 81387,
            "source": [],
            "source_content": null,
            "source_content_filename": null,
            "source_dir": null,
            "source_file": "dist/signup.js",
            "type": "zip"
          },
          "sensitive_attributes": []
        }
      ]
    },
    {
      "mode": "data",
      "type": "aws_iam_policy_document",
      "name": "lambda_dynamodb_readonly_policy_document",
      "provider": "provider[\"registry.terraform.io/hashicorp/aws\"]",
      "instances": [
        {
          "schema_version": 0,
          "attributes": {
            "id": "1715700987",
            "json": "{\n  \"Version\": \"2012-10-17\",\n  \"Statement\": [\n    {\n      \"Effect\": \"Allow\",\n      \"Action\": \"dynamodb:GetItem\",\n      \"Resource\": \"arn:aws:dynamodb:us-east-1:086869275689:table/users-table\"\n    }\n  ]\n}",
            "override_policy_documents": null,
            "policy_id": null,
            "source_policy_documents": null,
            "statement": [
              {
                "actions": [
                  "dynamodb:GetItem"
                ],
                "condition": [],
                "effect": "Allow",
                "not_actions": [],
                "not_principals": [],
                "not_resources": [],
                "principals": [],
                "resources": [
                  "arn:aws:dynamodb:us-east-1:086869275689:table/users-table"
                ],
                "sid": ""
              }
            ],
            "version": "2012-10-17"
          },
          "sensitive_attributes": []
        }
      ]
    },
    {
      "mode": "data",
      "type": "aws_iam_policy_document",
      "name": "lambda_dynamodb_readwrite_policy_document",
      "provider": "provider[\"registry.terraform.io/hashicorp/aws\"]",
      "instances": [
        {
          "schema_version": 0,
          "attributes": {
            "id": "771757425",
            "json": "{\n  \"Version\": \"2012-10-17\",\n  \"Statement\": [\n    {\n      \"Effect\": \"Allow\",\n      \"Action\": [\n        \"dynamodb:PutItem\",\n        \"dynamodb:GetItem\"\n      ],\n      \"Resource\": \"arn:aws:dynamodb:us-east-1:086869275689:table/users-table\"\n    }\n  ]\n}",
            "override_policy_documents": null,
            "policy_id": null,
            "source_policy_documents": null,
            "statement": [
              {
                "actions": [
                  "dynamodb:GetItem",
                  "dynamodb:PutItem"
                ],
                "condition": [],
                "effect": "Allow",
                "not_actions": [],
                "not_principals": [],
                "not_resources": [],
                "principals": [],
                "resources": [
                  "arn:aws:dynamodb:us-east-1:086869275689:table/users-table"
                ],
                "sid": ""
              }
            ],
            "version": "2012-10-17"
          },
          "sensitive_attributes": []
        }
      ]
    },
    {
      "mode": "data",
      "type": "aws_iam_policy_document",
      "name": "lambda_dynamodb_readwrite_sessions_policy_document",
      "provider": "provider[\"registry.terraform.io/hashicorp/aws\"]",
      "instances": [
        {
          "schema_version": 0,
          "attributes": {
            "id": "4183828851",
            "json": "{\n  \"Version\": \"2012-10-17\",\n  \"Statement\": [\n    {\n      \"Effect\": \"Allow\",\n      \"Action\": [\n        \"dynamodb:PutItem\",\n        \"dynamodb:GetItem\"\n      ],\n      \"Resource\": \"arn:aws:dynamodb:us-east-1:086869275689:table/sessions-table\"\n    }\n  ]\n}",
            "override_policy_documents": null,
            "policy_id": null,
            "source_policy_documents": null,
            "statement": [
              {
                "actions": [
                  "dynamodb:GetItem",
                  "dynamodb:PutItem"
                ],
                "condition": [],
                "effect": "Allow",
                "not_actions": [],
                "not_principals": [],
                "not_resources": [],
                "principals": [],
                "resources": [
                  "arn:aws:dynamodb:us-east-1:086869275689:table/sessions-table"
                ],
                "sid": ""
              }
            ],
            "version": "2012-10-17"
          },
          "sensitive_attributes": []
        }
      ]
    },
    {
      "mode": "managed",
      "type": "aws_api_gateway_deployment",
      "name": "login_gateway_deploy",
      "provider": "provider[\"registry.terraform.io/hashicorp/aws\"]",
      "instances": [
        {
          "schema_version": 0,
          "attributes": {
            "created_date": "2023-10-09T07:58:26Z",
            "description": "",
            "execution_arn": "arn:aws:execute-api:us-east-1:086869275689:ugboshia88/dev",
            "id": "f59lp7",
            "invoke_url": "https://ugboshia88.execute-api.us-east-1.amazonaws.com/dev",
            "rest_api_id": "ugboshia88",
            "stage_description": null,
            "stage_name": "dev",
            "triggers": null,
            "variables": null
          },
          "sensitive_attributes": [],
          "private": "bnVsbA==",
          "dependencies": [
            "aws_api_gateway_integration.gateway_login_integration",
            "aws_api_gateway_method.login_method",
            "aws_api_gateway_resource.login_resource",
            "aws_api_gateway_rest_api.auth_api",
            "aws_dynamodb_table.sessions_table",
            "aws_dynamodb_table.users_table",
            "aws_iam_role.login_lambda_role",
            "aws_lambda_function.login_lambda",
            "data.archive_file.login_payload"
          ]
        }
      ]
    },
    {
      "mode": "managed",
      "type": "aws_api_gateway_deployment",
      "name": "signup_gateway_deploy",
      "provider": "provider[\"registry.terraform.io/hashicorp/aws\"]",
      "instances": [
        {
          "schema_version": 0,
          "attributes": {
            "created_date": "2023-10-09T07:58:38Z",
            "description": "",
            "execution_arn": "arn:aws:execute-api:us-east-1:086869275689:ugboshia88/dev",
            "id": "z7w82m",
            "invoke_url": "https://ugboshia88.execute-api.us-east-1.amazonaws.com/dev",
            "rest_api_id": "ugboshia88",
            "stage_description": null,
            "stage_name": "dev",
            "triggers": null,
            "variables": null
          },
          "sensitive_attributes": [],
          "private": "bnVsbA==",
          "dependencies": [
            "aws_api_gateway_integration.gateway_signup_integration",
            "aws_api_gateway_method.signup_method",
            "aws_api_gateway_resource.signup_resource",
            "aws_api_gateway_rest_api.auth_api",
            "aws_dynamodb_table.users_table",
            "aws_iam_role.signup_lambda_role",
            "aws_lambda_function.signup_lambda",
            "data.archive_file.signup_payload"
          ]
        }
      ]
    },
    {
      "mode": "managed",
      "type": "aws_api_gateway_integration",
      "name": "gateway_login_integration",
      "provider": "provider[\"registry.terraform.io/hashicorp/aws\"]",
      "instances": [
        {
          "schema_version": 0,
          "attributes": {
            "cache_key_parameters": [],
            "cache_namespace": "7lm6wp",
            "connection_id": "",
            "connection_type": "INTERNET",
            "content_handling": "",
            "credentials": "",
            "http_method": "POST",
            "id": "agi-ugboshia88-7lm6wp-POST",
            "integration_http_method": "POST",
            "passthrough_behavior": "WHEN_NO_MATCH",
            "request_parameters": {},
            "request_templates": {},
            "resource_id": "7lm6wp",
            "rest_api_id": "ugboshia88",
            "timeout_milliseconds": 29000,
            "tls_config": [],
            "type": "AWS_PROXY",
            "uri": "arn:aws:apigateway:us-east-1:lambda:path/2015-03-31/functions/arn:aws:lambda:us-east-1:086869275689:function:login/invocations"
          },
          "sensitive_attributes": [],
          "private": "bnVsbA==",
          "dependencies": [
            "aws_api_gateway_method.login_method",
            "aws_api_gateway_resource.login_resource",
            "aws_api_gateway_rest_api.auth_api",
            "aws_dynamodb_table.sessions_table",
            "aws_dynamodb_table.users_table",
            "aws_iam_role.login_lambda_role",
            "aws_lambda_function.login_lambda",
            "data.archive_file.login_payload"
          ]
        }
      ]
    },
    {
      "mode": "managed",
      "type": "aws_api_gateway_integration",
      "name": "gateway_signup_integration",
      "provider": "provider[\"registry.terraform.io/hashicorp/aws\"]",
      "instances": [
        {
          "schema_version": 0,
          "attributes": {
            "cache_key_parameters": [],
            "cache_namespace": "st6rww",
            "connection_id": "",
            "connection_type": "INTERNET",
            "content_handling": "",
            "credentials": "",
            "http_method": "POST",
            "id": "agi-ugboshia88-st6rww-POST",
            "integration_http_method": "POST",
            "passthrough_behavior": "WHEN_NO_MATCH",
            "request_parameters": {},
            "request_templates": {},
            "resource_id": "st6rww",
            "rest_api_id": "ugboshia88",
            "timeout_milliseconds": 29000,
            "tls_config": [],
            "type": "AWS_PROXY",
            "uri": "arn:aws:apigateway:us-east-1:lambda:path/2015-03-31/functions/arn:aws:lambda:us-east-1:086869275689:function:signup/invocations"
          },
          "sensitive_attributes": [],
          "private": "bnVsbA==",
          "dependencies": [
            "aws_api_gateway_method.signup_method",
            "aws_api_gateway_resource.signup_resource",
            "aws_api_gateway_rest_api.auth_api",
            "aws_dynamodb_table.users_table",
            "aws_iam_role.signup_lambda_role",
            "aws_lambda_function.signup_lambda",
            "data.archive_file.signup_payload"
          ]
        }
      ]
    },
    {
      "mode": "managed",
      "type": "aws_api_gateway_method",
      "name": "login_method",
      "provider": "provider[\"registry.terraform.io/hashicorp/aws\"]",
      "instances": [
        {
          "schema_version": 0,
          "attributes": {
            "api_key_required": false,
            "authorization": "NONE",
            "authorization_scopes": [],
            "authorizer_id": "",
            "http_method": "POST",
            "id": "agm-ugboshia88-7lm6wp-POST",
            "operation_name": "",
            "request_models": {},
            "request_parameters": {},
            "request_validator_id": "",
            "resource_id": "7lm6wp",
            "rest_api_id": "ugboshia88"
          },
          "sensitive_attributes": [],
          "private": "bnVsbA==",
          "dependencies": [
            "aws_api_gateway_resource.login_resource",
            "aws_api_gateway_rest_api.auth_api"
          ]
        }
      ]
    },
    {
      "mode": "managed",
      "type": "aws_api_gateway_method",
      "name": "signup_method",
      "provider": "provider[\"registry.terraform.io/hashicorp/aws\"]",
      "instances": [
        {
          "schema_version": 0,
          "attributes": {
            "api_key_required": false,
            "authorization": "NONE",
            "authorization_scopes": [],
            "authorizer_id": "",
            "http_method": "POST",
            "id": "agm-ugboshia88-st6rww-POST",
            "operation_name": "",
            "request_models": {},
            "request_parameters": {},
            "request_validator_id": "",
            "resource_id": "st6rww",
            "rest_api_id": "ugboshia88"
          },
          "sensitive_attributes": [],
          "private": "bnVsbA==",
          "dependencies": [
            "aws_api_gateway_resource.signup_resource",
            "aws_api_gateway_rest_api.auth_api"
          ]
        }
      ]
    },
    {
      "mode": "managed",
      "type": "aws_api_gateway_resource",
      "name": "login_resource",
      "provider": "provider[\"registry.terraform.io/hashicorp/aws\"]",
      "instances": [
        {
          "schema_version": 0,
          "attributes": {
            "id": "7lm6wp",
            "parent_id": "jwg9ri73x8",
            "path": "/login",
            "path_part": "login",
            "rest_api_id": "ugboshia88"
          },
          "sensitive_attributes": [],
          "private": "bnVsbA==",
          "dependencies": [
            "aws_api_gateway_rest_api.auth_api"
          ]
        }
      ]
    },
    {
      "mode": "managed",
      "type": "aws_api_gateway_resource",
      "name": "signup_resource",
      "provider": "provider[\"registry.terraform.io/hashicorp/aws\"]",
      "instances": [
        {
          "schema_version": 0,
          "attributes": {
            "id": "st6rww",
            "parent_id": "jwg9ri73x8",
            "path": "/signup",
            "path_part": "signup",
            "rest_api_id": "ugboshia88"
          },
          "sensitive_attributes": [],
          "private": "bnVsbA==",
          "dependencies": [
            "aws_api_gateway_rest_api.auth_api"
          ]
        }
      ]
    },
    {
      "mode": "managed",
      "type": "aws_api_gateway_rest_api",
      "name": "auth_api",
      "provider": "provider[\"registry.terraform.io/hashicorp/aws\"]",
      "instances": [
        {
          "schema_version": 0,
          "attributes": {
            "api_key_source": "HEADER",
            "arn": "arn:aws:apigateway:us-east-1::/restapis/ugboshia88",
            "binary_media_types": [],
            "body": null,
            "created_date": "2023-10-09T07:57:50Z",
            "description": "Gateway Authentication",
            "disable_execute_api_endpoint": false,
            "endpoint_configuration": [
              {
                "types": [
                  "EDGE"
                ],
                "vpc_endpoint_ids": []
              }
            ],
            "execution_arn": "arn:aws:execute-api:us-east-1:086869275689:ugboshia88",
            "fail_on_warnings": null,
            "id": "ugboshia88",
            "minimum_compression_size": "",
            "name": "authentication",
            "parameters": null,
            "policy": "",
            "put_rest_api_mode": null,
            "root_resource_id": "jwg9ri73x8",
            "tags": {},
            "tags_all": {}
          },
          "sensitive_attributes": [],
          "private": "bnVsbA=="
        }
      ]
    },
    {
      "mode": "managed",
      "type": "aws_dynamodb_table",
      "name": "sessions_table",
      "provider": "provider[\"registry.terraform.io/hashicorp/aws\"]",
      "instances": [
        {
          "schema_version": 1,
          "attributes": {
            "arn": "arn:aws:dynamodb:us-east-1:086869275689:table/sessions-table",
            "attribute": [
              {
                "name": "name",
                "type": "S"
              }
            ],
            "billing_mode": "PROVISIONED",
            "deletion_protection_enabled": false,
            "global_secondary_index": [],
            "hash_key": "name",
            "id": "sessions-table",
            "local_secondary_index": [],
            "name": "sessions-table",
            "point_in_time_recovery": [
              {
                "enabled": false
              }
            ],
            "range_key": null,
            "read_capacity": 1,
            "replica": [],
            "restore_date_time": null,
            "restore_source_name": null,
            "restore_to_latest_time": null,
            "server_side_encryption": [],
            "stream_arn": "",
            "stream_enabled": false,
            "stream_label": "",
            "stream_view_type": "",
            "table_class": "STANDARD",
            "tags": {},
            "tags_all": {},
            "timeouts": null,
            "ttl": [
              {
                "attribute_name": "",
                "enabled": false
              }
            ],
            "write_capacity": 1
          },
          "sensitive_attributes": [],
          "private": "eyJlMmJmYjczMC1lY2FhLTExZTYtOGY4OC0zNDM2M2JjN2M0YzAiOnsiY3JlYXRlIjoxODAwMDAwMDAwMDAwLCJkZWxldGUiOjYwMDAwMDAwMDAwMCwidXBkYXRlIjozNjAwMDAwMDAwMDAwfSwic2NoZW1hX3ZlcnNpb24iOiIxIn0="
        }
      ]
    },
    {
      "mode": "managed",
      "type": "aws_dynamodb_table",
      "name": "users_table",
      "provider": "provider[\"registry.terraform.io/hashicorp/aws\"]",
      "instances": [
        {
          "schema_version": 1,
          "attributes": {
            "arn": "arn:aws:dynamodb:us-east-1:086869275689:table/users-table",
            "attribute": [
              {
                "name": "name",
                "type": "S"
              }
            ],
            "billing_mode": "PROVISIONED",
            "deletion_protection_enabled": false,
            "global_secondary_index": [],
            "hash_key": "name",
            "id": "users-table",
            "local_secondary_index": [],
            "name": "users-table",
            "point_in_time_recovery": [
              {
                "enabled": false
              }
            ],
            "range_key": null,
            "read_capacity": 1,
            "replica": [],
            "restore_date_time": null,
            "restore_source_name": null,
            "restore_to_latest_time": null,
            "server_side_encryption": [],
            "stream_arn": "",
            "stream_enabled": false,
            "stream_label": "",
            "stream_view_type": "",
            "table_class": "STANDARD",
            "tags": {},
            "tags_all": {},
            "timeouts": null,
            "ttl": [
              {
                "attribute_name": "",
                "enabled": false
              }
            ],
            "write_capacity": 1
          },
          "sensitive_attributes": [],
          "private": "eyJlMmJmYjczMC1lY2FhLTExZTYtOGY4OC0zNDM2M2JjN2M0YzAiOnsiY3JlYXRlIjoxODAwMDAwMDAwMDAwLCJkZWxldGUiOjYwMDAwMDAwMDAwMCwidXBkYXRlIjozNjAwMDAwMDAwMDAwfSwic2NoZW1hX3ZlcnNpb24iOiIxIn0="
        }
      ]
    },
    {
      "mode": "managed",
      "type": "aws_iam_policy",
      "name": "readonly_dynamodb_policy",
      "provider": "provider[\"registry.terraform.io/hashicorp/aws\"]",
      "instances": [
        {
          "schema_version": 0,
          "attributes": {
            "arn": "arn:aws:iam::086869275689:policy/readonly-dynamodb-policy",
            "description": "Read only Policy for DynamoDB access",
            "id": "arn:aws:iam::086869275689:policy/readonly-dynamodb-policy",
            "name": "readonly-dynamodb-policy",
            "name_prefix": "",
            "path": "/",
            "policy": "{\"Statement\":[{\"Action\":\"dynamodb:GetItem\",\"Effect\":\"Allow\",\"Resource\":\"arn:aws:dynamodb:us-east-1:086869275689:table/users-table\"}],\"Version\":\"2012-10-17\"}",
            "policy_id": "ANPARIOOP6QU76FYAAKOV",
            "tags": {},
            "tags_all": {}
          },
          "sensitive_attributes": [],
          "private": "bnVsbA==",
          "dependencies": [
            "aws_dynamodb_table.users_table",
            "data.aws_iam_policy_document.lambda_dynamodb_readonly_policy_document"
          ]
        }
      ]
    },
    {
      "mode": "managed",
      "type": "aws_iam_policy",
      "name": "readwrite_dynamodb_policy",
      "provider": "provider[\"registry.terraform.io/hashicorp/aws\"]",
      "instances": [
        {
          "schema_version": 0,
          "attributes": {
            "arn": "arn:aws:iam::086869275689:policy/readwrite-dynamodb-policy",
            "description": "ReadWrite Policy for Users DynamoDB access",
            "id": "arn:aws:iam::086869275689:policy/readwrite-dynamodb-policy",
            "name": "readwrite-dynamodb-policy",
            "name_prefix": "",
            "path": "/",
            "policy": "{\"Statement\":[{\"Action\":[\"dynamodb:PutItem\",\"dynamodb:GetItem\"],\"Effect\":\"Allow\",\"Resource\":\"arn:aws:dynamodb:us-east-1:086869275689:table/users-table\"}],\"Version\":\"2012-10-17\"}",
            "policy_id": "ANPARIOOP6QUYDQTTV2RB",
            "tags": {},
            "tags_all": {}
          },
          "sensitive_attributes": [],
          "private": "bnVsbA==",
          "dependencies": [
            "aws_dynamodb_table.users_table",
            "data.aws_iam_policy_document.lambda_dynamodb_readwrite_policy_document"
          ]
        }
      ]
    },
    {
      "mode": "managed",
      "type": "aws_iam_policy",
      "name": "readwrite_sessions_dynamodb_policy",
      "provider": "provider[\"registry.terraform.io/hashicorp/aws\"]",
      "instances": [
        {
          "schema_version": 0,
          "attributes": {
            "arn": "arn:aws:iam::086869275689:policy/sessions-dynamodb-policy",
            "description": "ReadWrite Policy for Sessions DynamoDB access",
            "id": "arn:aws:iam::086869275689:policy/sessions-dynamodb-policy",
            "name": "sessions-dynamodb-policy",
            "name_prefix": "",
            "path": "/",
            "policy": "{\"Statement\":[{\"Action\":[\"dynamodb:PutItem\",\"dynamodb:GetItem\"],\"Effect\":\"Allow\",\"Resource\":\"arn:aws:dynamodb:us-east-1:086869275689:table/sessions-table\"}],\"Version\":\"2012-10-17\"}",
            "policy_id": "ANPARIOOP6QUWY4LBY5SV",
            "tags": {},
            "tags_all": {}
          },
          "sensitive_attributes": [],
          "private": "bnVsbA==",
          "dependencies": [
            "aws_dynamodb_table.sessions_table",
            "data.aws_iam_policy_document.lambda_dynamodb_readwrite_sessions_policy_document"
          ]
        }
      ]
    },
    {
      "mode": "managed",
      "type": "aws_iam_role",
      "name": "login_lambda_role",
      "provider": "provider[\"registry.terraform.io/hashicorp/aws\"]",
      "instances": [
        {
          "schema_version": 0,
          "attributes": {
            "arn": "arn:aws:iam::086869275689:role/login-lambda-role",
            "assume_role_policy": "{\"Statement\":[{\"Action\":\"sts:AssumeRole\",\"Effect\":\"Allow\",\"Principal\":{\"Service\":\"lambda.amazonaws.com\"}}],\"Version\":\"2008-10-17\"}",
            "create_date": "2023-10-09T07:57:51Z",
            "description": "",
            "force_detach_policies": false,
            "id": "login-lambda-role",
            "inline_policy": [],
            "managed_policy_arns": [
              "arn:aws:iam::086869275689:policy/readonly-dynamodb-policy",
              "arn:aws:iam::086869275689:policy/sessions-dynamodb-policy",
              "arn:aws:iam::aws:policy/service-role/AWSLambdaBasicExecutionRole"
            ],
            "max_session_duration": 3600,
            "name": "login-lambda-role",
            "name_prefix": "",
            "path": "/",
            "permissions_boundary": null,
            "tags": {},
            "tags_all": {},
            "unique_id": "AROARIOOP6QU4I725RUKG"
          },
          "sensitive_attributes": [],
          "private": "bnVsbA=="
        }
      ]
    },
    {
      "mode": "managed",
      "type": "aws_iam_role",
      "name": "signup_lambda_role",
      "provider": "provider[\"registry.terraform.io/hashicorp/aws\"]",
      "instances": [
        {
          "schema_version": 0,
          "attributes": {
            "arn": "arn:aws:iam::086869275689:role/signup-lambda-role",
            "assume_role_policy": "{\"Statement\":[{\"Action\":\"sts:AssumeRole\",\"Effect\":\"Allow\",\"Principal\":{\"Service\":\"lambda.amazonaws.com\"}}],\"Version\":\"2008-10-17\"}",
            "create_date": "2023-10-09T07:57:50Z",
            "description": "",
            "force_detach_policies": false,
            "id": "signup-lambda-role",
            "inline_policy": [],
            "managed_policy_arns": [
              "arn:aws:iam::086869275689:policy/readwrite-dynamodb-policy",
              "arn:aws:iam::aws:policy/service-role/AWSLambdaBasicExecutionRole"
            ],
            "max_session_duration": 3600,
            "name": "signup-lambda-role",
            "name_prefix": "",
            "path": "/",
            "permissions_boundary": null,
            "tags": {},
            "tags_all": {},
            "unique_id": "AROARIOOP6QUR55FAODX4"
          },
          "sensitive_attributes": [],
          "private": "bnVsbA=="
        }
      ]
    },
    {
      "mode": "managed",
      "type": "aws_iam_role_policy_attachment",
      "name": "attach_policy_dynamo_read_lambda",
      "provider": "provider[\"registry.terraform.io/hashicorp/aws\"]",
      "instances": [
        {
          "schema_version": 0,
          "attributes": {
            "id": "login-lambda-role-20231009075825739400000005",
            "policy_arn": "arn:aws:iam::086869275689:policy/readonly-dynamodb-policy",
            "role": "login-lambda-role"
          },
          "sensitive_attributes": [],
          "private": "bnVsbA==",
          "dependencies": [
            "aws_dynamodb_table.users_table",
            "aws_iam_policy.readonly_dynamodb_policy",
            "aws_iam_role.login_lambda_role",
            "data.aws_iam_policy_document.lambda_dynamodb_readonly_policy_document"
          ]
        }
      ]
    },
    {
      "mode": "managed",
      "type": "aws_iam_role_policy_attachment",
      "name": "attach_policy_dynamo_readwrite_lambda",
      "provider": "provider[\"registry.terraform.io/hashicorp/aws\"]",
      "instances": [
        {
          "schema_version": 0,
          "attributes": {
            "id": "signup-lambda-role-20231009075825379000000004",
            "policy_arn": "arn:aws:iam::086869275689:policy/readwrite-dynamodb-policy",
            "role": "signup-lambda-role"
          },
          "sensitive_attributes": [],
          "private": "bnVsbA==",
          "dependencies": [
            "aws_dynamodb_table.users_table",
            "aws_iam_policy.readwrite_dynamodb_policy",
            "aws_iam_role.signup_lambda_role",
            "data.aws_iam_policy_document.lambda_dynamodb_readwrite_policy_document"
          ]
        }
      ]
    },
    {
      "mode": "managed",
      "type": "aws_iam_role_policy_attachment",
      "name": "attach_policy_dynamo_readwrite_sessions_lambda",
      "provider": "provider[\"registry.terraform.io/hashicorp/aws\"]",
      "instances": [
        {
          "schema_version": 0,
          "attributes": {
            "id": "login-lambda-role-20231009075824363200000003",
            "policy_arn": "arn:aws:iam::086869275689:policy/sessions-dynamodb-policy",
            "role": "login-lambda-role"
          },
          "sensitive_attributes": [],
          "private": "bnVsbA==",
          "dependencies": [
            "aws_dynamodb_table.sessions_table",
            "aws_iam_policy.readwrite_sessions_dynamodb_policy",
            "aws_iam_role.login_lambda_role",
            "data.aws_iam_policy_document.lambda_dynamodb_readwrite_sessions_policy_document"
          ]
        }
      ]
    },
    {
      "mode": "managed",
      "type": "aws_iam_role_policy_attachment",
      "name": "attach_policy_lambda_permissions_login",
      "provider": "provider[\"registry.terraform.io/hashicorp/aws\"]",
      "instances": [
        {
          "schema_version": 0,
          "attributes": {
            "id": "login-lambda-role-20231009075807638000000002",
            "policy_arn": "arn:aws:iam::aws:policy/service-role/AWSLambdaBasicExecutionRole",
            "role": "login-lambda-role"
          },
          "sensitive_attributes": [],
          "private": "bnVsbA==",
          "dependencies": [
            "aws_iam_role.login_lambda_role"
          ]
        }
      ]
    },
    {
      "mode": "managed",
      "type": "aws_iam_role_policy_attachment",
      "name": "attach_policy_lambda_permissions_signup",
      "provider": "provider[\"registry.terraform.io/hashicorp/aws\"]",
      "instances": [
        {
          "schema_version": 0,
          "attributes": {
            "id": "signup-lambda-role-20231009075807271600000001",
            "policy_arn": "arn:aws:iam::aws:policy/service-role/AWSLambdaBasicExecutionRole",
            "role": "signup-lambda-role"
          },
          "sensitive_attributes": [],
          "private": "bnVsbA==",
          "dependencies": [
            "aws_iam_role.signup_lambda_role"
          ]
        }
      ]
    },
    {
      "mode": "managed",
      "type": "aws_lambda_function",
      "name": "login_lambda",
      "provider": "provider[\"registry.terraform.io/hashicorp/aws\"]",
      "instances": [
        {
          "schema_version": 0,
          "attributes": {
            "architectures": [
              "x86_64"
            ],
            "arn": "arn:aws:lambda:us-east-1:086869275689:function:login",
            "code_signing_config_arn": "",
            "dead_letter_config": [],
            "description": "",
            "environment": [
              {
                "variables": {
                  "DYNAMODB_SESSIONS_TABLE_NAME": "sessions-table",
                  "DYNAMODB_USERS_TABLE_NAME": "users-table",
                  "ENCRYPT_CODE": "SuperPassword",
                  "REGION": "us-east-1",
                  "SIGN_SESSION": "MrBean"
                }
              }
            ],
            "ephemeral_storage": [
              {
                "size": 512
              }
            ],
            "file_system_config": [],
            "filename": "login_function_payload.zip",
            "function_name": "login",
            "handler": "login.handler",
            "id": "login",
            "image_config": [],
            "image_uri": "",
            "invoke_arn": "arn:aws:apigateway:us-east-1:lambda:path/2015-03-31/functions/arn:aws:lambda:us-east-1:086869275689:function:login/invocations",
            "kms_key_arn": "",
            "last_modified": "2023-10-09T07:58:23.926+0000",
            "layers": [],
            "memory_size": 128,
            "package_type": "Zip",
            "publish": false,
            "qualified_arn": "arn:aws:lambda:us-east-1:086869275689:function:login:$LATEST",
            "qualified_invoke_arn": "arn:aws:apigateway:us-east-1:lambda:path/2015-03-31/functions/arn:aws:lambda:us-east-1:086869275689:function:login:$LATEST/invocations",
            "replace_security_groups_on_destroy": null,
            "replacement_security_group_ids": null,
            "reserved_concurrent_executions": -1,
            "role": "arn:aws:iam::086869275689:role/login-lambda-role",
            "runtime": "nodejs18.x",
            "s3_bucket": null,
            "s3_key": null,
            "s3_object_version": null,
            "signing_job_arn": "",
            "signing_profile_version_arn": "",
            "skip_destroy": false,
            "snap_start": [],
            "source_code_hash": "kn2acD+MSx5iGVNGVvjz5LCZAKrg8bVAWKp1SLOudpU=",
            "source_code_size": 152991,
            "tags": {},
            "tags_all": {},
            "timeout": 3,
            "timeouts": null,
            "tracing_config": [
              {
                "mode": "PassThrough"
              }
            ],
            "version": "$LATEST",
            "vpc_config": []
          },
          "sensitive_attributes": [],
          "private": "eyJlMmJmYjczMC1lY2FhLTExZTYtOGY4OC0zNDM2M2JjN2M0YzAiOnsiY3JlYXRlIjo2MDAwMDAwMDAwMDAsImRlbGV0ZSI6NjAwMDAwMDAwMDAwLCJ1cGRhdGUiOjYwMDAwMDAwMDAwMH19",
          "dependencies": [
            "aws_dynamodb_table.sessions_table",
            "aws_dynamodb_table.users_table",
            "aws_iam_role.login_lambda_role",
            "data.archive_file.login_payload"
          ]
        }
      ]
    },
    {
      "mode": "managed",
      "type": "aws_lambda_function",
      "name": "signup_lambda",
      "provider": "provider[\"registry.terraform.io/hashicorp/aws\"]",
      "instances": [
        {
          "schema_version": 0,
          "attributes": {
            "architectures": [
              "x86_64"
            ],
            "arn": "arn:aws:lambda:us-east-1:086869275689:function:signup",
            "code_signing_config_arn": "",
            "dead_letter_config": [],
            "description": "",
            "environment": [
              {
                "variables": {
                  "DYNAMODB_USERS_TABLE_NAME": "users-table",
                  "ENCRYPT_CODE": "SuperPassword",
                  "REGION": "us-east-1",
                  "SIGN_SESSION": "MrBean"
                }
              }
            ],
            "ephemeral_storage": [
              {
                "size": 512
              }
            ],
            "file_system_config": [],
            "filename": "signup_function_payload.zip",
            "function_name": "signup",
            "handler": "signup.handler",
            "id": "signup",
            "image_config": [],
            "image_uri": "",
            "invoke_arn": "arn:aws:apigateway:us-east-1:lambda:path/2015-03-31/functions/arn:aws:lambda:us-east-1:086869275689:function:signup/invocations",
            "kms_key_arn": "",
            "last_modified": "2023-10-09T07:58:23.083+0000",
            "layers": [],
            "memory_size": 128,
            "package_type": "Zip",
            "publish": false,
            "qualified_arn": "arn:aws:lambda:us-east-1:086869275689:function:signup:$LATEST",
            "qualified_invoke_arn": "arn:aws:apigateway:us-east-1:lambda:path/2015-03-31/functions/arn:aws:lambda:us-east-1:086869275689:function:signup:$LATEST/invocations",
            "replace_security_groups_on_destroy": null,
            "replacement_security_group_ids": null,
            "reserved_concurrent_executions": -1,
            "role": "arn:aws:iam::086869275689:role/signup-lambda-role",
            "runtime": "nodejs18.x",
            "s3_bucket": null,
            "s3_key": null,
            "s3_object_version": null,
            "signing_job_arn": "",
            "signing_profile_version_arn": "",
            "skip_destroy": false,
            "snap_start": [],
            "source_code_hash": "9b/puyLLRk9lpbx4AFrVlGDlsM2YaLa9mHZwLcWeVfU=",
            "source_code_size": 81387,
            "tags": {},
            "tags_all": {},
            "timeout": 3,
            "timeouts": null,
            "tracing_config": [
              {
                "mode": "PassThrough"
              }
            ],
            "version": "$LATEST",
            "vpc_config": []
          },
          "sensitive_attributes": [],
          "private": "eyJlMmJmYjczMC1lY2FhLTExZTYtOGY4OC0zNDM2M2JjN2M0YzAiOnsiY3JlYXRlIjo2MDAwMDAwMDAwMDAsImRlbGV0ZSI6NjAwMDAwMDAwMDAwLCJ1cGRhdGUiOjYwMDAwMDAwMDAwMH19",
          "dependencies": [
            "aws_dynamodb_table.users_table",
            "aws_iam_role.signup_lambda_role",
            "data.archive_file.signup_payload"
          ]
        }
      ]
    },
    {
      "mode": "managed",
      "type": "aws_lambda_permission",
      "name": "login_lambda_permission_to_gateway",
      "provider": "provider[\"registry.terraform.io/hashicorp/aws\"]",
      "instances": [
        {
          "schema_version": 0,
          "attributes": {
            "action": "lambda:InvokeFunction",
            "event_source_token": null,
            "function_name": "login",
            "function_url_auth_type": null,
            "id": "AllowAPIGatewayInvoke",
            "principal": "apigateway.amazonaws.com",
            "principal_org_id": null,
            "qualifier": "",
            "source_account": null,
            "source_arn": "arn:aws:execute-api:us-east-1:086869275689:ugboshia88/*/*",
            "statement_id": "AllowAPIGatewayInvoke",
            "statement_id_prefix": ""
          },
          "sensitive_attributes": [],
          "private": "bnVsbA==",
          "dependencies": [
            "aws_api_gateway_rest_api.auth_api",
            "aws_dynamodb_table.sessions_table",
            "aws_dynamodb_table.users_table",
            "aws_iam_role.login_lambda_role",
            "aws_lambda_function.login_lambda",
            "data.archive_file.login_payload"
          ]
        }
      ]
    },
    {
      "mode": "managed",
      "type": "aws_lambda_permission",
      "name": "signup_lambda_permission_to_gateway",
      "provider": "provider[\"registry.terraform.io/hashicorp/aws\"]",
      "instances": [
        {
          "schema_version": 0,
          "attributes": {
            "action": "lambda:InvokeFunction",
            "event_source_token": null,
            "function_name": "signup",
            "function_url_auth_type": null,
            "id": "AllowAPIGatewayInvoke",
            "principal": "apigateway.amazonaws.com",
            "principal_org_id": null,
            "qualifier": "",
            "source_account": null,
            "source_arn": "arn:aws:execute-api:us-east-1:086869275689:ugboshia88/*/*",
            "statement_id": "AllowAPIGatewayInvoke",
            "statement_id_prefix": ""
          },
          "sensitive_attributes": [],
          "private": "bnVsbA==",
          "dependencies": [
            "aws_api_gateway_rest_api.auth_api",
            "aws_dynamodb_table.users_table",
            "aws_iam_role.signup_lambda_role",
            "aws_lambda_function.signup_lambda",
            "data.archive_file.signup_payload"
          ]
        }
      ]
    }
  ],
  "check_results": null
}
